// !$*UTF8*$!
{
	archiveVersion = 1;
	classes = {
	};
	objectVersion = 56;
	objects = {

/* Begin PBXBuildFile section */
		64615DB32B03900500EAAB0E /* AppDelegate.swift in Sources */ = {isa = PBXBuildFile; fileRef = 64615DB22B03900500EAAB0E /* AppDelegate.swift */; };
		64615DB52B03900500EAAB0E /* SceneDelegate.swift in Sources */ = {isa = PBXBuildFile; fileRef = 64615DB42B03900500EAAB0E /* SceneDelegate.swift */; };
		64615DB72B03900500EAAB0E /* ViewController.swift in Sources */ = {isa = PBXBuildFile; fileRef = 64615DB62B03900500EAAB0E /* ViewController.swift */; };
		64615DBC2B03900700EAAB0E /* Assets.xcassets in Resources */ = {isa = PBXBuildFile; fileRef = 64615DBB2B03900700EAAB0E /* Assets.xcassets */; };
		64615DBF2B03900700EAAB0E /* LaunchScreen.storyboard in Resources */ = {isa = PBXBuildFile; fileRef = 64615DBD2B03900700EAAB0E /* LaunchScreen.storyboard */; };
		64615DCA2B03910300EAAB0E /* CardView.swift in Sources */ = {isa = PBXBuildFile; fileRef = 64615DC92B03910300EAAB0E /* CardView.swift */; };
		64615DCD2B0391D100EAAB0E /* UIColor + Extension.swift in Sources */ = {isa = PBXBuildFile; fileRef = 64615DCC2B0391D100EAAB0E /* UIColor + Extension.swift */; };
		64615DD02B03928800EAAB0E /* SnapKit in Frameworks */ = {isa = PBXBuildFile; productRef = 64615DCF2B03928800EAAB0E /* SnapKit */; };
		64615DD32B0397DA00EAAB0E /* CardModel.swift in Sources */ = {isa = PBXBuildFile; fileRef = 64615DD22B0397DA00EAAB0E /* CardModel.swift */; };
		64615DD52B0633D800EAAB0E /* ShoppingView.swift in Sources */ = {isa = PBXBuildFile; fileRef = 64615DD42B0633D800EAAB0E /* ShoppingView.swift */; };
		64615DD92B06445D00EAAB0E /* TransportView.swift in Sources */ = {isa = PBXBuildFile; fileRef = 64615DD82B06445D00EAAB0E /* TransportView.swift */; };
		64615DDB2B064A5600EAAB0E /* FoodView.swift in Sources */ = {isa = PBXBuildFile; fileRef = 64615DDA2B064A5600EAAB0E /* FoodView.swift */; };
		64615DE02B076CDA00EAAB0E /* FirebaseAuth in Frameworks */ = {isa = PBXBuildFile; productRef = 64615DDF2B076CDA00EAAB0E /* FirebaseAuth */; };
		64615DE22B076CDA00EAAB0E /* FirebaseDatabase in Frameworks */ = {isa = PBXBuildFile; productRef = 64615DE12B076CDA00EAAB0E /* FirebaseDatabase */; };
		64615DE42B076CDA00EAAB0E /* FirebaseFirestore in Frameworks */ = {isa = PBXBuildFile; productRef = 64615DE32B076CDA00EAAB0E /* FirebaseFirestore */; };
		64615DE62B076CDA00EAAB0E /* FirebaseFirestoreSwift in Frameworks */ = {isa = PBXBuildFile; productRef = 64615DE52B076CDA00EAAB0E /* FirebaseFirestoreSwift */; };
		64615DE82B076CDA00EAAB0E /* FirebaseStorage in Frameworks */ = {isa = PBXBuildFile; productRef = 64615DE72B076CDA00EAAB0E /* FirebaseStorage */; };
		64615DEB2B076D4700EAAB0E /* GoogleSignIn in Frameworks */ = {isa = PBXBuildFile; productRef = 64615DEA2B076D4700EAAB0E /* GoogleSignIn */; };
		64615DED2B076D4700EAAB0E /* GoogleSignInSwift in Frameworks */ = {isa = PBXBuildFile; productRef = 64615DEC2B076D4700EAAB0E /* GoogleSignInSwift */; };
		64615DEF2B076DA200EAAB0E /* GoogleSingInViewController.swift in Sources */ = {isa = PBXBuildFile; fileRef = 64615DEE2B076DA200EAAB0E /* GoogleSingInViewController.swift */; };
		64615DF12B076EC200EAAB0E /* GoogleService-Info.plist in Resources */ = {isa = PBXBuildFile; fileRef = 64615DF02B076EC200EAAB0E /* GoogleService-Info.plist */; };
		64615DF42B076FB400EAAB0E /* AuthManager.swift in Sources */ = {isa = PBXBuildFile; fileRef = 64615DF32B076FB400EAAB0E /* AuthManager.swift */; };
		64615DF62B076FF800EAAB0E /* LoginResult.swift in Sources */ = {isa = PBXBuildFile; fileRef = 64615DF52B076FF800EAAB0E /* LoginResult.swift */; };
		64615DF82B0774E600EAAB0E /* FirestoreManager.swift in Sources */ = {isa = PBXBuildFile; fileRef = 64615DF72B0774E600EAAB0E /* FirestoreManager.swift */; };
		64615DFA2B077ED500EAAB0E /* TransitionManager.swift in Sources */ = {isa = PBXBuildFile; fileRef = 64615DF92B077ED500EAAB0E /* TransitionManager.swift */; };
		64ADF36D2B0A12EC00E49EFE /* SpendingsModel.swift in Sources */ = {isa = PBXBuildFile; fileRef = 64ADF36C2B0A12EC00E49EFE /* SpendingsModel.swift */; };
		64ADF36F2B0A162000E49EFE /* TotalSpentView.swift in Sources */ = {isa = PBXBuildFile; fileRef = 64ADF36E2B0A162000E49EFE /* TotalSpentView.swift */; };
/* End PBXBuildFile section */

/* Begin PBXFileReference section */
		64615DAF2B03900500EAAB0E /* Banking.app */ = {isa = PBXFileReference; explicitFileType = wrapper.application; includeInIndex = 0; path = Banking.app; sourceTree = BUILT_PRODUCTS_DIR; };
		64615DB22B03900500EAAB0E /* AppDelegate.swift */ = {isa = PBXFileReference; lastKnownFileType = sourcecode.swift; path = AppDelegate.swift; sourceTree = "<group>"; };
		64615DB42B03900500EAAB0E /* SceneDelegate.swift */ = {isa = PBXFileReference; lastKnownFileType = sourcecode.swift; path = SceneDelegate.swift; sourceTree = "<group>"; };
		64615DB62B03900500EAAB0E /* ViewController.swift */ = {isa = PBXFileReference; lastKnownFileType = sourcecode.swift; path = ViewController.swift; sourceTree = "<group>"; };
		64615DBB2B03900700EAAB0E /* Assets.xcassets */ = {isa = PBXFileReference; lastKnownFileType = folder.assetcatalog; path = Assets.xcassets; sourceTree = "<group>"; };
		64615DBE2B03900700EAAB0E /* Base */ = {isa = PBXFileReference; lastKnownFileType = file.storyboard; name = Base; path = Base.lproj/LaunchScreen.storyboard; sourceTree = "<group>"; };
		64615DC02B03900700EAAB0E /* Info.plist */ = {isa = PBXFileReference; lastKnownFileType = text.plist.xml; path = Info.plist; sourceTree = "<group>"; };
		64615DC92B03910300EAAB0E /* CardView.swift */ = {isa = PBXFileReference; lastKnownFileType = sourcecode.swift; path = CardView.swift; sourceTree = "<group>"; };
		64615DCC2B0391D100EAAB0E /* UIColor + Extension.swift */ = {isa = PBXFileReference; lastKnownFileType = sourcecode.swift; path = "UIColor + Extension.swift"; sourceTree = "<group>"; };
		64615DD22B0397DA00EAAB0E /* CardModel.swift */ = {isa = PBXFileReference; lastKnownFileType = sourcecode.swift; path = CardModel.swift; sourceTree = "<group>"; };
		64615DD42B0633D800EAAB0E /* ShoppingView.swift */ = {isa = PBXFileReference; lastKnownFileType = sourcecode.swift; path = ShoppingView.swift; sourceTree = "<group>"; };
		64615DD82B06445D00EAAB0E /* TransportView.swift */ = {isa = PBXFileReference; lastKnownFileType = sourcecode.swift; path = TransportView.swift; sourceTree = "<group>"; };
		64615DDA2B064A5600EAAB0E /* FoodView.swift */ = {isa = PBXFileReference; lastKnownFileType = sourcecode.swift; path = FoodView.swift; sourceTree = "<group>"; };
		64615DEE2B076DA200EAAB0E /* GoogleSingInViewController.swift */ = {isa = PBXFileReference; lastKnownFileType = sourcecode.swift; path = GoogleSingInViewController.swift; sourceTree = "<group>"; };
		64615DF02B076EC200EAAB0E /* GoogleService-Info.plist */ = {isa = PBXFileReference; fileEncoding = 4; lastKnownFileType = text.plist.xml; path = "GoogleService-Info.plist"; sourceTree = "<group>"; };
		64615DF32B076FB400EAAB0E /* AuthManager.swift */ = {isa = PBXFileReference; lastKnownFileType = sourcecode.swift; path = AuthManager.swift; sourceTree = "<group>"; };
		64615DF52B076FF800EAAB0E /* LoginResult.swift */ = {isa = PBXFileReference; lastKnownFileType = sourcecode.swift; path = LoginResult.swift; sourceTree = "<group>"; };
		64615DF72B0774E600EAAB0E /* FirestoreManager.swift */ = {isa = PBXFileReference; lastKnownFileType = sourcecode.swift; path = FirestoreManager.swift; sourceTree = "<group>"; };
		64615DF92B077ED500EAAB0E /* TransitionManager.swift */ = {isa = PBXFileReference; lastKnownFileType = sourcecode.swift; path = TransitionManager.swift; sourceTree = "<group>"; };
		64ADF36C2B0A12EC00E49EFE /* SpendingsModel.swift */ = {isa = PBXFileReference; lastKnownFileType = sourcecode.swift; path = SpendingsModel.swift; sourceTree = "<group>"; };
		64ADF36E2B0A162000E49EFE /* TotalSpentView.swift */ = {isa = PBXFileReference; lastKnownFileType = sourcecode.swift; path = TotalSpentView.swift; sourceTree = "<group>"; };
/* End PBXFileReference section */

/* Begin PBXFrameworksBuildPhase section */
		64615DAC2B03900500EAAB0E /* Frameworks */ = {
			isa = PBXFrameworksBuildPhase;
			buildActionMask = 2147483647;
			files = (
				64615DE62B076CDA00EAAB0E /* FirebaseFirestoreSwift in Frameworks */,
				64615DE22B076CDA00EAAB0E /* FirebaseDatabase in Frameworks */,
				64615DE42B076CDA00EAAB0E /* FirebaseFirestore in Frameworks */,
				64615DED2B076D4700EAAB0E /* GoogleSignInSwift in Frameworks */,
				64615DD02B03928800EAAB0E /* SnapKit in Frameworks */,
				64615DE02B076CDA00EAAB0E /* FirebaseAuth in Frameworks */,
				64615DE82B076CDA00EAAB0E /* FirebaseStorage in Frameworks */,
				64615DEB2B076D4700EAAB0E /* GoogleSignIn in Frameworks */,
			);
			runOnlyForDeploymentPostprocessing = 0;
		};
/* End PBXFrameworksBuildPhase section */

/* Begin PBXGroup section */
		64615DA62B03900500EAAB0E = {
			isa = PBXGroup;
			children = (
				64615DB12B03900500EAAB0E /* Banking */,
				64615DB02B03900500EAAB0E /* Products */,
			);
			sourceTree = "<group>";
		};
		64615DB02B03900500EAAB0E /* Products */ = {
			isa = PBXGroup;
			children = (
				64615DAF2B03900500EAAB0E /* Banking.app */,
			);
			name = Products;
			sourceTree = "<group>";
		};
		64615DB12B03900500EAAB0E /* Banking */ = {
			isa = PBXGroup;
			children = (
				64615DC62B0390C800EAAB0E /* Application */,
				64615DC72B0390D900EAAB0E /* ViewControllers */,
				64615DC82B0390EC00EAAB0E /* Views */,
				64615DD12B0397C800EAAB0E /* Models */,
				64615DF22B076FA100EAAB0E /* Managers */,
				64615DCB2B0391B800EAAB0E /* Extensions */,
				64615DBB2B03900700EAAB0E /* Assets.xcassets */,
				64615DBD2B03900700EAAB0E /* LaunchScreen.storyboard */,
				64615DC02B03900700EAAB0E /* Info.plist */,
				64615DF02B076EC200EAAB0E /* GoogleService-Info.plist */,
			);
			path = Banking;
			sourceTree = "<group>";
		};
		64615DC62B0390C800EAAB0E /* Application */ = {
			isa = PBXGroup;
			children = (
				64615DB22B03900500EAAB0E /* AppDelegate.swift */,
				64615DB42B03900500EAAB0E /* SceneDelegate.swift */,
			);
			path = Application;
			sourceTree = "<group>";
		};
		64615DC72B0390D900EAAB0E /* ViewControllers */ = {
			isa = PBXGroup;
			children = (
				64615DB62B03900500EAAB0E /* ViewController.swift */,
				64615DEE2B076DA200EAAB0E /* GoogleSingInViewController.swift */,
			);
			name = ViewControllers;
			path = Application;
			sourceTree = "<group>";
		};
		64615DC82B0390EC00EAAB0E /* Views */ = {
			isa = PBXGroup;
			children = (
				64615DC92B03910300EAAB0E /* CardView.swift */,
				64615DD42B0633D800EAAB0E /* ShoppingView.swift */,
				64615DD82B06445D00EAAB0E /* TransportView.swift */,
				64615DDA2B064A5600EAAB0E /* FoodView.swift */,
				64ADF36E2B0A162000E49EFE /* TotalSpentView.swift */,
			);
			path = Views;
			sourceTree = "<group>";
		};
		64615DCB2B0391B800EAAB0E /* Extensions */ = {
			isa = PBXGroup;
			children = (
				64615DCC2B0391D100EAAB0E /* UIColor + Extension.swift */,
			);
			path = Extensions;
			sourceTree = "<group>";
		};
		64615DD12B0397C800EAAB0E /* Models */ = {
			isa = PBXGroup;
			children = (
				64615DD22B0397DA00EAAB0E /* CardModel.swift */,
				64615DF52B076FF800EAAB0E /* LoginResult.swift */,
				64ADF36C2B0A12EC00E49EFE /* SpendingsModel.swift */,
			);
			path = Models;
			sourceTree = "<group>";
		};
		64615DF22B076FA100EAAB0E /* Managers */ = {
			isa = PBXGroup;
			children = (
				64615DF32B076FB400EAAB0E /* AuthManager.swift */,
				64615DF72B0774E600EAAB0E /* FirestoreManager.swift */,
				64615DF92B077ED500EAAB0E /* TransitionManager.swift */,
			);
			path = Managers;
			sourceTree = "<group>";
		};
/* End PBXGroup section */

/* Begin PBXNativeTarget section */
		64615DAE2B03900500EAAB0E /* Banking */ = {
			isa = PBXNativeTarget;
			buildConfigurationList = 64615DC32B03900700EAAB0E /* Build configuration list for PBXNativeTarget "Banking" */;
			buildPhases = (
				64615DAB2B03900500EAAB0E /* Sources */,
				64615DAC2B03900500EAAB0E /* Frameworks */,
				64615DAD2B03900500EAAB0E /* Resources */,
			);
			buildRules = (
			);
			dependencies = (
			);
			name = Banking;
			packageProductDependencies = (
				64615DCF2B03928800EAAB0E /* SnapKit */,
				64615DDF2B076CDA00EAAB0E /* FirebaseAuth */,
				64615DE12B076CDA00EAAB0E /* FirebaseDatabase */,
				64615DE32B076CDA00EAAB0E /* FirebaseFirestore */,
				64615DE52B076CDA00EAAB0E /* FirebaseFirestoreSwift */,
				64615DE72B076CDA00EAAB0E /* FirebaseStorage */,
				64615DEA2B076D4700EAAB0E /* GoogleSignIn */,
				64615DEC2B076D4700EAAB0E /* GoogleSignInSwift */,
			);
			productName = Banking;
			productReference = 64615DAF2B03900500EAAB0E /* Banking.app */;
			productType = "com.apple.product-type.application";
		};
/* End PBXNativeTarget section */

/* Begin PBXProject section */
		64615DA72B03900500EAAB0E /* Project object */ = {
			isa = PBXProject;
			attributes = {
				BuildIndependentTargetsInParallel = 1;
				LastSwiftUpdateCheck = 1430;
				LastUpgradeCheck = 1430;
				TargetAttributes = {
					64615DAE2B03900500EAAB0E = {
						CreatedOnToolsVersion = 14.3.1;
					};
				};
			};
			buildConfigurationList = 64615DAA2B03900500EAAB0E /* Build configuration list for PBXProject "Banking" */;
			compatibilityVersion = "Xcode 14.0";
			developmentRegion = en;
			hasScannedForEncodings = 0;
			knownRegions = (
				en,
				Base,
			);
			mainGroup = 64615DA62B03900500EAAB0E;
			packageReferences = (
				64615DCE2B03928800EAAB0E /* XCRemoteSwiftPackageReference "SnapKit" */,
				64615DDE2B076CDA00EAAB0E /* XCRemoteSwiftPackageReference "firebase-ios-sdk" */,
				64615DE92B076D4700EAAB0E /* XCRemoteSwiftPackageReference "GoogleSignIn-iOS" */,
			);
			productRefGroup = 64615DB02B03900500EAAB0E /* Products */;
			projectDirPath = "";
			projectRoot = "";
			targets = (
				64615DAE2B03900500EAAB0E /* Banking */,
			);
		};
/* End PBXProject section */

/* Begin PBXResourcesBuildPhase section */
		64615DAD2B03900500EAAB0E /* Resources */ = {
			isa = PBXResourcesBuildPhase;
			buildActionMask = 2147483647;
			files = (
				64615DF12B076EC200EAAB0E /* GoogleService-Info.plist in Resources */,
				64615DBF2B03900700EAAB0E /* LaunchScreen.storyboard in Resources */,
				64615DBC2B03900700EAAB0E /* Assets.xcassets in Resources */,
			);
			runOnlyForDeploymentPostprocessing = 0;
		};
/* End PBXResourcesBuildPhase section */

/* Begin PBXSourcesBuildPhase section */
		64615DAB2B03900500EAAB0E /* Sources */ = {
			isa = PBXSourcesBuildPhase;
			buildActionMask = 2147483647;
			files = (
				64615DF62B076FF800EAAB0E /* LoginResult.swift in Sources */,
				64ADF36F2B0A162000E49EFE /* TotalSpentView.swift in Sources */,
				64615DF82B0774E600EAAB0E /* FirestoreManager.swift in Sources */,
				64615DB72B03900500EAAB0E /* ViewController.swift in Sources */,
				64615DF42B076FB400EAAB0E /* AuthManager.swift in Sources */,
				64615DB32B03900500EAAB0E /* AppDelegate.swift in Sources */,
				64ADF36D2B0A12EC00E49EFE /* SpendingsModel.swift in Sources */,
				64615DCA2B03910300EAAB0E /* CardView.swift in Sources */,
				64615DFA2B077ED500EAAB0E /* TransitionManager.swift in Sources */,
				64615DB52B03900500EAAB0E /* SceneDelegate.swift in Sources */,
				64615DD92B06445D00EAAB0E /* TransportView.swift in Sources */,
				64615DDB2B064A5600EAAB0E /* FoodView.swift in Sources */,
				64615DEF2B076DA200EAAB0E /* GoogleSingInViewController.swift in Sources */,
				64615DD52B0633D800EAAB0E /* ShoppingView.swift in Sources */,
				64615DCD2B0391D100EAAB0E /* UIColor + Extension.swift in Sources */,
				64615DD32B0397DA00EAAB0E /* CardModel.swift in Sources */,
			);
			runOnlyForDeploymentPostprocessing = 0;
		};
/* End PBXSourcesBuildPhase section */

/* Begin PBXVariantGroup section */
		64615DBD2B03900700EAAB0E /* LaunchScreen.storyboard */ = {
			isa = PBXVariantGroup;
			children = (
				64615DBE2B03900700EAAB0E /* Base */,
			);
			name = LaunchScreen.storyboard;
			sourceTree = "<group>";
		};
/* End PBXVariantGroup section */

/* Begin XCBuildConfiguration section */
		64615DC12B03900700EAAB0E /* Debug */ = {
			isa = XCBuildConfiguration;
			buildSettings = {
				ALWAYS_SEARCH_USER_PATHS = NO;
				CLANG_ANALYZER_NONNULL = YES;
				CLANG_ANALYZER_NUMBER_OBJECT_CONVERSION = YES_AGGRESSIVE;
				CLANG_CXX_LANGUAGE_STANDARD = "gnu++20";
				CLANG_ENABLE_MODULES = YES;
				CLANG_ENABLE_OBJC_ARC = YES;
				CLANG_ENABLE_OBJC_WEAK = YES;
				CLANG_WARN_BLOCK_CAPTURE_AUTORELEASING = YES;
				CLANG_WARN_BOOL_CONVERSION = YES;
				CLANG_WARN_COMMA = YES;
				CLANG_WARN_CONSTANT_CONVERSION = YES;
				CLANG_WARN_DEPRECATED_OBJC_IMPLEMENTATIONS = YES;
				CLANG_WARN_DIRECT_OBJC_ISA_USAGE = YES_ERROR;
				CLANG_WARN_DOCUMENTATION_COMMENTS = YES;
				CLANG_WARN_EMPTY_BODY = YES;
				CLANG_WARN_ENUM_CONVERSION = YES;
				CLANG_WARN_INFINITE_RECURSION = YES;
				CLANG_WARN_INT_CONVERSION = YES;
				CLANG_WARN_NON_LITERAL_NULL_CONVERSION = YES;
				CLANG_WARN_OBJC_IMPLICIT_RETAIN_SELF = YES;
				CLANG_WARN_OBJC_LITERAL_CONVERSION = YES;
				CLANG_WARN_OBJC_ROOT_CLASS = YES_ERROR;
				CLANG_WARN_QUOTED_INCLUDE_IN_FRAMEWORK_HEADER = YES;
				CLANG_WARN_RANGE_LOOP_ANALYSIS = YES;
				CLANG_WARN_STRICT_PROTOTYPES = YES;
				CLANG_WARN_SUSPICIOUS_MOVE = YES;
				CLANG_WARN_UNGUARDED_AVAILABILITY = YES_AGGRESSIVE;
				CLANG_WARN_UNREACHABLE_CODE = YES;
				CLANG_WARN__DUPLICATE_METHOD_MATCH = YES;
				COPY_PHASE_STRIP = NO;
				DEBUG_INFORMATION_FORMAT = dwarf;
				ENABLE_STRICT_OBJC_MSGSEND = YES;
				ENABLE_TESTABILITY = YES;
				GCC_C_LANGUAGE_STANDARD = gnu11;
				GCC_DYNAMIC_NO_PIC = NO;
				GCC_NO_COMMON_BLOCKS = YES;
				GCC_OPTIMIZATION_LEVEL = 0;
				GCC_PREPROCESSOR_DEFINITIONS = (
					"DEBUG=1",
					"$(inherited)",
				);
				GCC_WARN_64_TO_32_BIT_CONVERSION = YES;
				GCC_WARN_ABOUT_RETURN_TYPE = YES_ERROR;
				GCC_WARN_UNDECLARED_SELECTOR = YES;
				GCC_WARN_UNINITIALIZED_AUTOS = YES_AGGRESSIVE;
				GCC_WARN_UNUSED_FUNCTION = YES;
				GCC_WARN_UNUSED_VARIABLE = YES;
				IPHONEOS_DEPLOYMENT_TARGET = 16.4;
				MTL_ENABLE_DEBUG_INFO = INCLUDE_SOURCE;
				MTL_FAST_MATH = YES;
				ONLY_ACTIVE_ARCH = YES;
				SDKROOT = iphoneos;
				SWIFT_ACTIVE_COMPILATION_CONDITIONS = DEBUG;
				SWIFT_OPTIMIZATION_LEVEL = "-Onone";
			};
			name = Debug;
		};
		64615DC22B03900700EAAB0E /* Release */ = {
			isa = XCBuildConfiguration;
			buildSettings = {
				ALWAYS_SEARCH_USER_PATHS = NO;
				CLANG_ANALYZER_NONNULL = YES;
				CLANG_ANALYZER_NUMBER_OBJECT_CONVERSION = YES_AGGRESSIVE;
				CLANG_CXX_LANGUAGE_STANDARD = "gnu++20";
				CLANG_ENABLE_MODULES = YES;
				CLANG_ENABLE_OBJC_ARC = YES;
				CLANG_ENABLE_OBJC_WEAK = YES;
				CLANG_WARN_BLOCK_CAPTURE_AUTORELEASING = YES;
				CLANG_WARN_BOOL_CONVERSION = YES;
				CLANG_WARN_COMMA = YES;
				CLANG_WARN_CONSTANT_CONVERSION = YES;
				CLANG_WARN_DEPRECATED_OBJC_IMPLEMENTATIONS = YES;
				CLANG_WARN_DIRECT_OBJC_ISA_USAGE = YES_ERROR;
				CLANG_WARN_DOCUMENTATION_COMMENTS = YES;
				CLANG_WARN_EMPTY_BODY = YES;
				CLANG_WARN_ENUM_CONVERSION = YES;
				CLANG_WARN_INFINITE_RECURSION = YES;
				CLANG_WARN_INT_CONVERSION = YES;
				CLANG_WARN_NON_LITERAL_NULL_CONVERSION = YES;
				CLANG_WARN_OBJC_IMPLICIT_RETAIN_SELF = YES;
				CLANG_WARN_OBJC_LITERAL_CONVERSION = YES;
				CLANG_WARN_OBJC_ROOT_CLASS = YES_ERROR;
				CLANG_WARN_QUOTED_INCLUDE_IN_FRAMEWORK_HEADER = YES;
				CLANG_WARN_RANGE_LOOP_ANALYSIS = YES;
				CLANG_WARN_STRICT_PROTOTYPES = YES;
				CLANG_WARN_SUSPICIOUS_MOVE = YES;
				CLANG_WARN_UNGUARDED_AVAILABILITY = YES_AGGRESSIVE;
				CLANG_WARN_UNREACHABLE_CODE = YES;
				CLANG_WARN__DUPLICATE_METHOD_MATCH = YES;
				COPY_PHASE_STRIP = NO;
				DEBUG_INFORMATION_FORMAT = "dwarf-with-dsym";
				ENABLE_NS_ASSERTIONS = NO;
				ENABLE_STRICT_OBJC_MSGSEND = YES;
				GCC_C_LANGUAGE_STANDARD = gnu11;
				GCC_NO_COMMON_BLOCKS = YES;
				GCC_WARN_64_TO_32_BIT_CONVERSION = YES;
				GCC_WARN_ABOUT_RETURN_TYPE = YES_ERROR;
				GCC_WARN_UNDECLARED_SELECTOR = YES;
				GCC_WARN_UNINITIALIZED_AUTOS = YES_AGGRESSIVE;
				GCC_WARN_UNUSED_FUNCTION = YES;
				GCC_WARN_UNUSED_VARIABLE = YES;
				IPHONEOS_DEPLOYMENT_TARGET = 16.4;
				MTL_ENABLE_DEBUG_INFO = NO;
				MTL_FAST_MATH = YES;
				SDKROOT = iphoneos;
				SWIFT_COMPILATION_MODE = wholemodule;
				SWIFT_OPTIMIZATION_LEVEL = "-O";
				VALIDATE_PRODUCT = YES;
			};
			name = Release;
		};
		64615DC42B03900700EAAB0E /* Debug */ = {
			isa = XCBuildConfiguration;
			buildSettings = {
				ASSETCATALOG_COMPILER_APPICON_NAME = AppIcon;
				ASSETCATALOG_COMPILER_GLOBAL_ACCENT_COLOR_NAME = AccentColor;
				CODE_SIGN_STYLE = Automatic;
				CURRENT_PROJECT_VERSION = 1;
				DEVELOPMENT_TEAM = V8ALJCTXD3;
				GENERATE_INFOPLIST_FILE = YES;
				INFOPLIST_FILE = Banking/Info.plist;
				INFOPLIST_KEY_UIApplicationSupportsIndirectInputEvents = YES;
				INFOPLIST_KEY_UILaunchStoryboardName = LaunchScreen;
				INFOPLIST_KEY_UISupportedInterfaceOrientations_iPad = "UIInterfaceOrientationPortrait UIInterfaceOrientationPortraitUpsideDown UIInterfaceOrientationLandscapeLeft UIInterfaceOrientationLandscapeRight";
				INFOPLIST_KEY_UISupportedInterfaceOrientations_iPhone = "UIInterfaceOrientationPortrait UIInterfaceOrientationLandscapeLeft UIInterfaceOrientationLandscapeRight";
				LD_RUNPATH_SEARCH_PATHS = (
					"$(inherited)",
					"@executable_path/Frameworks",
				);
				MARKETING_VERSION = 1.0;
				PRODUCT_BUNDLE_IDENTIFIER = ClownTeam.Banking;
				PRODUCT_NAME = "$(TARGET_NAME)";
				SWIFT_EMIT_LOC_STRINGS = YES;
				SWIFT_VERSION = 5.0;
				TARGETED_DEVICE_FAMILY = "1,2";
			};
			name = Debug;
		};
		64615DC52B03900700EAAB0E /* Release */ = {
			isa = XCBuildConfiguration;
			buildSettings = {
				ASSETCATALOG_COMPILER_APPICON_NAME = AppIcon;
				ASSETCATALOG_COMPILER_GLOBAL_ACCENT_COLOR_NAME = AccentColor;
				CODE_SIGN_STYLE = Automatic;
				CURRENT_PROJECT_VERSION = 1;
				DEVELOPMENT_TEAM = V8ALJCTXD3;
				GENERATE_INFOPLIST_FILE = YES;
				INFOPLIST_FILE = Banking/Info.plist;
				INFOPLIST_KEY_UIApplicationSupportsIndirectInputEvents = YES;
				INFOPLIST_KEY_UILaunchStoryboardName = LaunchScreen;
				INFOPLIST_KEY_UISupportedInterfaceOrientations_iPad = "UIInterfaceOrientationPortrait UIInterfaceOrientationPortraitUpsideDown UIInterfaceOrientationLandscapeLeft UIInterfaceOrientationLandscapeRight";
				INFOPLIST_KEY_UISupportedInterfaceOrientations_iPhone = "UIInterfaceOrientationPortrait UIInterfaceOrientationLandscapeLeft UIInterfaceOrientationLandscapeRight";
				LD_RUNPATH_SEARCH_PATHS = (
					"$(inherited)",
					"@executable_path/Frameworks",
				);
				MARKETING_VERSION = 1.0;
				PRODUCT_BUNDLE_IDENTIFIER = ClownTeam.Banking;
				PRODUCT_NAME = "$(TARGET_NAME)";
				SWIFT_EMIT_LOC_STRINGS = YES;
				SWIFT_VERSION = 5.0;
				TARGETED_DEVICE_FAMILY = "1,2";
			};
			name = Release;
		};
/* End XCBuildConfiguration section */

/* Begin XCConfigurationList section */
		64615DAA2B03900500EAAB0E /* Build configuration list for PBXProject "Banking" */ = {
			isa = XCConfigurationList;
			buildConfigurations = (
				64615DC12B03900700EAAB0E /* Debug */,
				64615DC22B03900700EAAB0E /* Release */,
			);
			defaultConfigurationIsVisible = 0;
			defaultConfigurationName = Release;
		};
		64615DC32B03900700EAAB0E /* Build configuration list for PBXNativeTarget "Banking" */ = {
			isa = XCConfigurationList;
			buildConfigurations = (
				64615DC42B03900700EAAB0E /* Debug */,
				64615DC52B03900700EAAB0E /* Release */,
			);
			defaultConfigurationIsVisible = 0;
			defaultConfigurationName = Release;
		};
/* End XCConfigurationList section */

/* Begin XCRemoteSwiftPackageReference section */
		64615DCE2B03928800EAAB0E /* XCRemoteSwiftPackageReference "SnapKit" */ = {
			isa = XCRemoteSwiftPackageReference;
			repositoryURL = "https://github.com/SnapKit/SnapKit.git";
			requirement = {
				kind = upToNextMajorVersion;
				minimumVersion = 5.0.0;
			};
		};
		64615DDE2B076CDA00EAAB0E /* XCRemoteSwiftPackageReference "firebase-ios-sdk" */ = {
			isa = XCRemoteSwiftPackageReference;
			repositoryURL = "https://github.com/firebase/firebase-ios-sdk";
			requirement = {
				kind = upToNextMajorVersion;
				minimumVersion = 10.0.0;
			};
		};
		64615DE92B076D4700EAAB0E /* XCRemoteSwiftPackageReference "GoogleSignIn-iOS" */ = {
			isa = XCRemoteSwiftPackageReference;
			repositoryURL = "https://github.com/google/GoogleSignIn-iOS";
			requirement = {
				kind = upToNextMajorVersion;
				minimumVersion = 7.0.0;
			};
		};
/* End XCRemoteSwiftPackageReference section */

/* Begin XCSwiftPackageProductDependency section */
		64615DCF2B03928800EAAB0E /* SnapKit */ = {
			isa = XCSwiftPackageProductDependency;
			package = 64615DCE2B03928800EAAB0E /* XCRemoteSwiftPackageReference "SnapKit" */;
			productName = SnapKit;
		};
		64615DDF2B076CDA00EAAB0E /* FirebaseAuth */ = {
			isa = XCSwiftPackageProductDependency;
			package = 64615DDE2B076CDA00EAAB0E /* XCRemoteSwiftPackageReference "firebase-ios-sdk" */;
			productName = FirebaseAuth;
		};
		64615DE12B076CDA00EAAB0E /* FirebaseDatabase */ = {
			isa = XCSwiftPackageProductDependency;
			package = 64615DDE2B076CDA00EAAB0E /* XCRemoteSwiftPackageReference "firebase-ios-sdk" */;
			productName = FirebaseDatabase;
		};
		64615DE32B076CDA00EAAB0E /* FirebaseFirestore */ = {
			isa = XCSwiftPackageProductDependency;
			package = 64615DDE2B076CDA00EAAB0E /* XCRemoteSwiftPackageReference "firebase-ios-sdk" */;
			productName = FirebaseFirestore;
		};
		64615DE52B076CDA00EAAB0E /* FirebaseFirestoreSwift */ = {
			isa = XCSwiftPackageProductDependency;
			package = 64615DDE2B076CDA00EAAB0E /* XCRemoteSwiftPackageReference "firebase-ios-sdk" */;
			productName = FirebaseFirestoreSwift;
		};
		64615DE72B076CDA00EAAB0E /* FirebaseStorage */ = {
			isa = XCSwiftPackageProductDependency;
			package = 64615DDE2B076CDA00EAAB0E /* XCRemoteSwiftPackageReference "firebase-ios-sdk" */;
			productName = FirebaseStorage;
		};
		64615DEA2B076D4700EAAB0E /* GoogleSignIn */ = {
			isa = XCSwiftPackageProductDependency;
			package = 64615DE92B076D4700EAAB0E /* XCRemoteSwiftPackageReference "GoogleSignIn-iOS" */;
			productName = GoogleSignIn;
		};
		64615DEC2B076D4700EAAB0E /* GoogleSignInSwift */ = {
			isa = XCSwiftPackageProductDependency;
			package = 64615DE92B076D4700EAAB0E /* XCRemoteSwiftPackageReference "GoogleSignIn-iOS" */;
			productName = GoogleSignInSwift;
		};
/* End XCSwiftPackageProductDependency section */
	};
	rootObject = 64615DA72B03900500EAAB0E /* Project object */;
}
